
Microsoft Visual Studio Solution File, Format Version 12.00
# Visual Studio 15
VisualStudioVersion = 15.0.27130.2020
MinimumVisualStudioVersion = 10.0.40219.1
Project("{8BC9CEB8-8B4A-11D0-8D11-00A0C91BC942}") = "Tools", "Tools\Tools.vcxproj", "{7DB3341E-F590-4A01-996C-512CDDABB451}"
EndProject
Project("{8BC9CEB8-8B4A-11D0-8D11-00A0C91BC942}") = "Atmosphere", "Atmosphere\Atmosphere.vcxproj", "{A66235D7-E560-4CA8-B4B0-269BCEEF20DE}"
	ProjectSection(ProjectDependencies) = postProject
		{EFC8E042-1587-407A-AC26-FF0793AC9460} = {EFC8E042-1587-407A-AC26-FF0793AC9460}
	EndProjectSection
EndProject
Project("{8BC9CEB8-8B4A-11D0-8D11-00A0C91BC942}") = "Executive", "Executive\Executive.vcxproj", "{841E57F4-7571-4C9B-8797-4555B3B774DC}"
	ProjectSection(ProjectDependencies) = postProject
		{7DB3341E-F590-4A01-996C-512CDDABB451} = {7DB3341E-F590-4A01-996C-512CDDABB451}
		{9FC1E423-CE34-4E39-B6FC-0E24CE060A70} = {9FC1E423-CE34-4E39-B6FC-0E24CE060A70}
		{EFC8E042-1587-407A-AC26-FF0793AC9460} = {EFC8E042-1587-407A-AC26-FF0793AC9460}
		{C9AFA8D3-D6D6-47C5-8537-B0C02E1223A1} = {C9AFA8D3-D6D6-47C5-8537-B0C02E1223A1}
		{4521EAD5-E037-4E24-BC2B-3EE9107005D6} = {4521EAD5-E037-4E24-BC2B-3EE9107005D6}
		{A66235D7-E560-4CA8-B4B0-269BCEEF20DE} = {A66235D7-E560-4CA8-B4B0-269BCEEF20DE}
		{D2BF79EA-B868-4D41-B758-CA77F7C7BB3A} = {D2BF79EA-B868-4D41-B758-CA77F7C7BB3A}
	EndProjectSection
EndProject
Project("{8BC9CEB8-8B4A-11D0-8D11-00A0C91BC942}") = "UnitTests", "UnitTest1\UnitTest1.vcxproj", "{CEBBEAB1-B570-4D34-95DD-6FDD9A2F37B9}"
EndProject
Project("{8BC9CEB8-8B4A-11D0-8D11-00A0C91BC942}") = "DataCloud", "DataCloud\DataCloud.vcxproj", "{EFC8E042-1587-407A-AC26-FF0793AC9460}"
EndProject
Project("{8BC9CEB8-8B4A-11D0-8D11-00A0C91BC942}") = "ModuleTests", "ModuleTest\ModuleTest.vcxproj", "{1CCD6888-FCC5-49C6-AC87-140CB1431A7B}"
	ProjectSection(ProjectDependencies) = postProject
		{1E449818-AF0C-49BB-8743-710AF02261F6} = {1E449818-AF0C-49BB-8743-710AF02261F6}
		{7DB3341E-F590-4A01-996C-512CDDABB451} = {7DB3341E-F590-4A01-996C-512CDDABB451}
		{9FC1E423-CE34-4E39-B6FC-0E24CE060A70} = {9FC1E423-CE34-4E39-B6FC-0E24CE060A70}
		{EFC8E042-1587-407A-AC26-FF0793AC9460} = {EFC8E042-1587-407A-AC26-FF0793AC9460}
		{DDA0405C-F2AA-43CF-8ABE-BA72F1905155} = {DDA0405C-F2AA-43CF-8ABE-BA72F1905155}
		{8BBA2C61-4622-4A48-A4B7-CB76EC53F4D9} = {8BBA2C61-4622-4A48-A4B7-CB76EC53F4D9}
		{E7E8D4D0-E5CC-456D-A607-AE3D1A73D6E9} = {E7E8D4D0-E5CC-456D-A607-AE3D1A73D6E9}
		{C9AFA8D3-D6D6-47C5-8537-B0C02E1223A1} = {C9AFA8D3-D6D6-47C5-8537-B0C02E1223A1}
		{A66235D7-E560-4CA8-B4B0-269BCEEF20DE} = {A66235D7-E560-4CA8-B4B0-269BCEEF20DE}
		{D2BF79EA-B868-4D41-B758-CA77F7C7BB3A} = {D2BF79EA-B868-4D41-B758-CA77F7C7BB3A}
	EndProjectSection
EndProject
Project("{8BC9CEB8-8B4A-11D0-8D11-00A0C91BC942}") = "Engine", "Engine\Engine.vcxproj", "{C9AFA8D3-D6D6-47C5-8537-B0C02E1223A1}"
	ProjectSection(ProjectDependencies) = postProject
		{7DB3341E-F590-4A01-996C-512CDDABB451} = {7DB3341E-F590-4A01-996C-512CDDABB451}
	EndProjectSection
EndProject
Project("{8BC9CEB8-8B4A-11D0-8D11-00A0C91BC942}") = "Aerodynamic", "Aerodynamic\Aerodynamic.vcxproj", "{9FC1E423-CE34-4E39-B6FC-0E24CE060A70}"
	ProjectSection(ProjectDependencies) = postProject
		{7DB3341E-F590-4A01-996C-512CDDABB451} = {7DB3341E-F590-4A01-996C-512CDDABB451}
		{EFC8E042-1587-407A-AC26-FF0793AC9460} = {EFC8E042-1587-407A-AC26-FF0793AC9460}
		{A66235D7-E560-4CA8-B4B0-269BCEEF20DE} = {A66235D7-E560-4CA8-B4B0-269BCEEF20DE}
	EndProjectSection
EndProject
Project("{8BC9CEB8-8B4A-11D0-8D11-00A0C91BC942}") = "Airframe", "Airframe\Airframe.vcxproj", "{EF8A27D8-6889-4E2C-B3C7-3BE85385C690}"
EndProject
Project("{8BC9CEB8-8B4A-11D0-8D11-00A0C91BC942}") = "Trajectory", "Trajectory\Trajectory.vcxproj", "{4521EAD5-E037-4E24-BC2B-3EE9107005D6}"
	ProjectSection(ProjectDependencies) = postProject
		{9FC1E423-CE34-4E39-B6FC-0E24CE060A70} = {9FC1E423-CE34-4E39-B6FC-0E24CE060A70}
		{EFC8E042-1587-407A-AC26-FF0793AC9460} = {EFC8E042-1587-407A-AC26-FF0793AC9460}
		{8BBA2C61-4622-4A48-A4B7-CB76EC53F4D9} = {8BBA2C61-4622-4A48-A4B7-CB76EC53F4D9}
		{C9AFA8D3-D6D6-47C5-8537-B0C02E1223A1} = {C9AFA8D3-D6D6-47C5-8537-B0C02E1223A1}
		{EF8A27D8-6889-4E2C-B3C7-3BE85385C690} = {EF8A27D8-6889-4E2C-B3C7-3BE85385C690}
	EndProjectSection
EndProject
Project("{8BC9CEB8-8B4A-11D0-8D11-00A0C91BC942}") = "Navigation", "Navigation\Navigation.vcxproj", "{1E449818-AF0C-49BB-8743-710AF02261F6}"
	ProjectSection(ProjectDependencies) = postProject
		{EFC8E042-1587-407A-AC26-FF0793AC9460} = {EFC8E042-1587-407A-AC26-FF0793AC9460}
	EndProjectSection
EndProject
Project("{8BC9CEB8-8B4A-11D0-8D11-00A0C91BC942}") = "Actuator", "Actuator\Actuator.vcxproj", "{8FB98A3E-E5B6-4E97-AC0F-403DBD04FBFA}"
EndProject
Project("{8BC9CEB8-8B4A-11D0-8D11-00A0C91BC942}") = "Guidance", "Guidance\Guidance.vcxproj", "{8BBA2C61-4622-4A48-A4B7-CB76EC53F4D9}"
EndProject
Project("{8BC9CEB8-8B4A-11D0-8D11-00A0C91BC942}") = "Autopilot", "Autopilot\Autopilot.vcxproj", "{D2BF79EA-B868-4D41-B758-CA77F7C7BB3A}"
EndProject
Project("{8BC9CEB8-8B4A-11D0-8D11-00A0C91BC942}") = "IMU", "IMU\IMU.vcxproj", "{DDA0405C-F2AA-43CF-8ABE-BA72F1905155}"
EndProject
Project("{8BC9CEB8-8B4A-11D0-8D11-00A0C91BC942}") = "GPS", "GPS\GPS.vcxproj", "{E7E8D4D0-E5CC-456D-A607-AE3D1A73D6E9}"
EndProject
Project("{8BC9CEB8-8B4A-11D0-8D11-00A0C91BC942}") = "Aircraft", "Aircraft\Aircraft.vcxproj", "{E635764B-1EC1-4A5B-9E44-25D53ABEC41B}"
	ProjectSection(ProjectDependencies) = postProject
		{1E449818-AF0C-49BB-8743-710AF02261F6} = {1E449818-AF0C-49BB-8743-710AF02261F6}
		{7DB3341E-F590-4A01-996C-512CDDABB451} = {7DB3341E-F590-4A01-996C-512CDDABB451}
		{9FC1E423-CE34-4E39-B6FC-0E24CE060A70} = {9FC1E423-CE34-4E39-B6FC-0E24CE060A70}
		{8FB98A3E-E5B6-4E97-AC0F-403DBD04FBFA} = {8FB98A3E-E5B6-4E97-AC0F-403DBD04FBFA}
		{EFC8E042-1587-407A-AC26-FF0793AC9460} = {EFC8E042-1587-407A-AC26-FF0793AC9460}
		{DDA0405C-F2AA-43CF-8ABE-BA72F1905155} = {DDA0405C-F2AA-43CF-8ABE-BA72F1905155}
		{8BBA2C61-4622-4A48-A4B7-CB76EC53F4D9} = {8BBA2C61-4622-4A48-A4B7-CB76EC53F4D9}
		{E7E8D4D0-E5CC-456D-A607-AE3D1A73D6E9} = {E7E8D4D0-E5CC-456D-A607-AE3D1A73D6E9}
		{C9AFA8D3-D6D6-47C5-8537-B0C02E1223A1} = {C9AFA8D3-D6D6-47C5-8537-B0C02E1223A1}
		{4521EAD5-E037-4E24-BC2B-3EE9107005D6} = {4521EAD5-E037-4E24-BC2B-3EE9107005D6}
		{A66235D7-E560-4CA8-B4B0-269BCEEF20DE} = {A66235D7-E560-4CA8-B4B0-269BCEEF20DE}
		{EF8A27D8-6889-4E2C-B3C7-3BE85385C690} = {EF8A27D8-6889-4E2C-B3C7-3BE85385C690}
		{D2BF79EA-B868-4D41-B758-CA77F7C7BB3A} = {D2BF79EA-B868-4D41-B758-CA77F7C7BB3A}
	EndProjectSection
EndProject
Global
	GlobalSection(SolutionConfigurationPlatforms) = preSolution
		Debug|x64 = Debug|x64
		Debug|x86 = Debug|x86
		Release|x64 = Release|x64
		Release|x86 = Release|x86
	EndGlobalSection
	GlobalSection(ProjectConfigurationPlatforms) = postSolution
		{7DB3341E-F590-4A01-996C-512CDDABB451}.Debug|x64.ActiveCfg = Debug|x64
		{7DB3341E-F590-4A01-996C-512CDDABB451}.Debug|x64.Build.0 = Debug|x64
		{7DB3341E-F590-4A01-996C-512CDDABB451}.Debug|x86.ActiveCfg = Debug|Win32
		{7DB3341E-F590-4A01-996C-512CDDABB451}.Debug|x86.Build.0 = Debug|Win32
		{7DB3341E-F590-4A01-996C-512CDDABB451}.Release|x64.ActiveCfg = Release|x64
		{7DB3341E-F590-4A01-996C-512CDDABB451}.Release|x64.Build.0 = Release|x64
		{7DB3341E-F590-4A01-996C-512CDDABB451}.Release|x86.ActiveCfg = Release|Win32
		{7DB3341E-F590-4A01-996C-512CDDABB451}.Release|x86.Build.0 = Release|Win32
		{A66235D7-E560-4CA8-B4B0-269BCEEF20DE}.Debug|x64.ActiveCfg = Debug|x64
		{A66235D7-E560-4CA8-B4B0-269BCEEF20DE}.Debug|x64.Build.0 = Debug|x64
		{A66235D7-E560-4CA8-B4B0-269BCEEF20DE}.Debug|x86.ActiveCfg = Debug|Win32
		{A66235D7-E560-4CA8-B4B0-269BCEEF20DE}.Debug|x86.Build.0 = Debug|Win32
		{A66235D7-E560-4CA8-B4B0-269BCEEF20DE}.Release|x64.ActiveCfg = Release|x64
		{A66235D7-E560-4CA8-B4B0-269BCEEF20DE}.Release|x64.Build.0 = Release|x64
		{A66235D7-E560-4CA8-B4B0-269BCEEF20DE}.Release|x86.ActiveCfg = Release|Win32
		{A66235D7-E560-4CA8-B4B0-269BCEEF20DE}.Release|x86.Build.0 = Release|Win32
		{841E57F4-7571-4C9B-8797-4555B3B774DC}.Debug|x64.ActiveCfg = Debug|x64
		{841E57F4-7571-4C9B-8797-4555B3B774DC}.Debug|x64.Build.0 = Debug|x64
		{841E57F4-7571-4C9B-8797-4555B3B774DC}.Debug|x86.ActiveCfg = Debug|Win32
		{841E57F4-7571-4C9B-8797-4555B3B774DC}.Debug|x86.Build.0 = Debug|Win32
		{841E57F4-7571-4C9B-8797-4555B3B774DC}.Release|x64.ActiveCfg = Release|x64
		{841E57F4-7571-4C9B-8797-4555B3B774DC}.Release|x64.Build.0 = Release|x64
		{841E57F4-7571-4C9B-8797-4555B3B774DC}.Release|x86.ActiveCfg = Release|Win32
		{841E57F4-7571-4C9B-8797-4555B3B774DC}.Release|x86.Build.0 = Release|Win32
		{CEBBEAB1-B570-4D34-95DD-6FDD9A2F37B9}.Debug|x64.ActiveCfg = Debug|x64
		{CEBBEAB1-B570-4D34-95DD-6FDD9A2F37B9}.Debug|x64.Build.0 = Debug|x64
		{CEBBEAB1-B570-4D34-95DD-6FDD9A2F37B9}.Debug|x86.ActiveCfg = Debug|Win32
		{CEBBEAB1-B570-4D34-95DD-6FDD9A2F37B9}.Debug|x86.Build.0 = Debug|Win32
		{CEBBEAB1-B570-4D34-95DD-6FDD9A2F37B9}.Release|x64.ActiveCfg = Release|x64
		{CEBBEAB1-B570-4D34-95DD-6FDD9A2F37B9}.Release|x64.Build.0 = Release|x64
		{CEBBEAB1-B570-4D34-95DD-6FDD9A2F37B9}.Release|x86.ActiveCfg = Release|Win32
		{CEBBEAB1-B570-4D34-95DD-6FDD9A2F37B9}.Release|x86.Build.0 = Release|Win32
		{EFC8E042-1587-407A-AC26-FF0793AC9460}.Debug|x64.ActiveCfg = Debug|x64
		{EFC8E042-1587-407A-AC26-FF0793AC9460}.Debug|x64.Build.0 = Debug|x64
		{EFC8E042-1587-407A-AC26-FF0793AC9460}.Debug|x86.ActiveCfg = Debug|Win32
		{EFC8E042-1587-407A-AC26-FF0793AC9460}.Debug|x86.Build.0 = Debug|Win32
		{EFC8E042-1587-407A-AC26-FF0793AC9460}.Release|x64.ActiveCfg = Release|x64
		{EFC8E042-1587-407A-AC26-FF0793AC9460}.Release|x64.Build.0 = Release|x64
		{EFC8E042-1587-407A-AC26-FF0793AC9460}.Release|x86.ActiveCfg = Release|Win32
		{EFC8E042-1587-407A-AC26-FF0793AC9460}.Release|x86.Build.0 = Release|Win32
		{1CCD6888-FCC5-49C6-AC87-140CB1431A7B}.Debug|x64.ActiveCfg = Debug|x64
		{1CCD6888-FCC5-49C6-AC87-140CB1431A7B}.Debug|x64.Build.0 = Debug|x64
		{1CCD6888-FCC5-49C6-AC87-140CB1431A7B}.Debug|x86.ActiveCfg = Debug|Win32
		{1CCD6888-FCC5-49C6-AC87-140CB1431A7B}.Debug|x86.Build.0 = Debug|Win32
		{1CCD6888-FCC5-49C6-AC87-140CB1431A7B}.Release|x64.ActiveCfg = Release|x64
		{1CCD6888-FCC5-49C6-AC87-140CB1431A7B}.Release|x64.Build.0 = Release|x64
		{1CCD6888-FCC5-49C6-AC87-140CB1431A7B}.Release|x86.ActiveCfg = Release|Win32
		{1CCD6888-FCC5-49C6-AC87-140CB1431A7B}.Release|x86.Build.0 = Release|Win32
		{C9AFA8D3-D6D6-47C5-8537-B0C02E1223A1}.Debug|x64.ActiveCfg = Debug|x64
		{C9AFA8D3-D6D6-47C5-8537-B0C02E1223A1}.Debug|x64.Build.0 = Debug|x64
		{C9AFA8D3-D6D6-47C5-8537-B0C02E1223A1}.Debug|x86.ActiveCfg = Debug|Win32
		{C9AFA8D3-D6D6-47C5-8537-B0C02E1223A1}.Debug|x86.Build.0 = Debug|Win32
		{C9AFA8D3-D6D6-47C5-8537-B0C02E1223A1}.Release|x64.ActiveCfg = Release|x64
		{C9AFA8D3-D6D6-47C5-8537-B0C02E1223A1}.Release|x64.Build.0 = Release|x64
		{C9AFA8D3-D6D6-47C5-8537-B0C02E1223A1}.Release|x86.ActiveCfg = Release|Win32
		{C9AFA8D3-D6D6-47C5-8537-B0C02E1223A1}.Release|x86.Build.0 = Release|Win32
		{9FC1E423-CE34-4E39-B6FC-0E24CE060A70}.Debug|x64.ActiveCfg = Debug|x64
		{9FC1E423-CE34-4E39-B6FC-0E24CE060A70}.Debug|x64.Build.0 = Debug|x64
		{9FC1E423-CE34-4E39-B6FC-0E24CE060A70}.Debug|x86.ActiveCfg = Debug|Win32
		{9FC1E423-CE34-4E39-B6FC-0E24CE060A70}.Debug|x86.Build.0 = Debug|Win32
		{9FC1E423-CE34-4E39-B6FC-0E24CE060A70}.Release|x64.ActiveCfg = Release|x64
		{9FC1E423-CE34-4E39-B6FC-0E24CE060A70}.Release|x64.Build.0 = Release|x64
		{9FC1E423-CE34-4E39-B6FC-0E24CE060A70}.Release|x86.ActiveCfg = Release|Win32
		{9FC1E423-CE34-4E39-B6FC-0E24CE060A70}.Release|x86.Build.0 = Release|Win32
		{EF8A27D8-6889-4E2C-B3C7-3BE85385C690}.Debug|x64.ActiveCfg = Debug|x64
		{EF8A27D8-6889-4E2C-B3C7-3BE85385C690}.Debug|x64.Build.0 = Debug|x64
		{EF8A27D8-6889-4E2C-B3C7-3BE85385C690}.Debug|x86.ActiveCfg = Debug|Win32
		{EF8A27D8-6889-4E2C-B3C7-3BE85385C690}.Debug|x86.Build.0 = Debug|Win32
		{EF8A27D8-6889-4E2C-B3C7-3BE85385C690}.Release|x64.ActiveCfg = Release|x64
		{EF8A27D8-6889-4E2C-B3C7-3BE85385C690}.Release|x64.Build.0 = Release|x64
		{EF8A27D8-6889-4E2C-B3C7-3BE85385C690}.Release|x86.ActiveCfg = Release|Win32
		{EF8A27D8-6889-4E2C-B3C7-3BE85385C690}.Release|x86.Build.0 = Release|Win32
		{4521EAD5-E037-4E24-BC2B-3EE9107005D6}.Debug|x64.ActiveCfg = Debug|x64
		{4521EAD5-E037-4E24-BC2B-3EE9107005D6}.Debug|x64.Build.0 = Debug|x64
		{4521EAD5-E037-4E24-BC2B-3EE9107005D6}.Debug|x86.ActiveCfg = Debug|Win32
		{4521EAD5-E037-4E24-BC2B-3EE9107005D6}.Debug|x86.Build.0 = Debug|Win32
		{4521EAD5-E037-4E24-BC2B-3EE9107005D6}.Release|x64.ActiveCfg = Release|x64
		{4521EAD5-E037-4E24-BC2B-3EE9107005D6}.Release|x64.Build.0 = Release|x64
		{4521EAD5-E037-4E24-BC2B-3EE9107005D6}.Release|x86.ActiveCfg = Release|Win32
		{4521EAD5-E037-4E24-BC2B-3EE9107005D6}.Release|x86.Build.0 = Release|Win32
		{1E449818-AF0C-49BB-8743-710AF02261F6}.Debug|x64.ActiveCfg = Debug|x64
		{1E449818-AF0C-49BB-8743-710AF02261F6}.Debug|x64.Build.0 = Debug|x64
		{1E449818-AF0C-49BB-8743-710AF02261F6}.Debug|x86.ActiveCfg = Debug|Win32
		{1E449818-AF0C-49BB-8743-710AF02261F6}.Debug|x86.Build.0 = Debug|Win32
		{1E449818-AF0C-49BB-8743-710AF02261F6}.Release|x64.ActiveCfg = Release|x64
		{1E449818-AF0C-49BB-8743-710AF02261F6}.Release|x64.Build.0 = Release|x64
		{1E449818-AF0C-49BB-8743-710AF02261F6}.Release|x86.ActiveCfg = Release|Win32
		{1E449818-AF0C-49BB-8743-710AF02261F6}.Release|x86.Build.0 = Release|Win32
		{8FB98A3E-E5B6-4E97-AC0F-403DBD04FBFA}.Debug|x64.ActiveCfg = Debug|x64
		{8FB98A3E-E5B6-4E97-AC0F-403DBD04FBFA}.Debug|x64.Build.0 = Debug|x64
		{8FB98A3E-E5B6-4E97-AC0F-403DBD04FBFA}.Debug|x86.ActiveCfg = Debug|Win32
		{8FB98A3E-E5B6-4E97-AC0F-403DBD04FBFA}.Debug|x86.Build.0 = Debug|Win32
		{8FB98A3E-E5B6-4E97-AC0F-403DBD04FBFA}.Release|x64.ActiveCfg = Release|x64
		{8FB98A3E-E5B6-4E97-AC0F-403DBD04FBFA}.Release|x64.Build.0 = Release|x64
		{8FB98A3E-E5B6-4E97-AC0F-403DBD04FBFA}.Release|x86.ActiveCfg = Release|Win32
		{8FB98A3E-E5B6-4E97-AC0F-403DBD04FBFA}.Release|x86.Build.0 = Release|Win32
		{8BBA2C61-4622-4A48-A4B7-CB76EC53F4D9}.Debug|x64.ActiveCfg = Debug|x64
		{8BBA2C61-4622-4A48-A4B7-CB76EC53F4D9}.Debug|x64.Build.0 = Debug|x64
		{8BBA2C61-4622-4A48-A4B7-CB76EC53F4D9}.Debug|x86.ActiveCfg = Debug|Win32
		{8BBA2C61-4622-4A48-A4B7-CB76EC53F4D9}.Debug|x86.Build.0 = Debug|Win32
		{8BBA2C61-4622-4A48-A4B7-CB76EC53F4D9}.Release|x64.ActiveCfg = Release|x64
		{8BBA2C61-4622-4A48-A4B7-CB76EC53F4D9}.Release|x64.Build.0 = Release|x64
		{8BBA2C61-4622-4A48-A4B7-CB76EC53F4D9}.Release|x86.ActiveCfg = Release|Win32
		{8BBA2C61-4622-4A48-A4B7-CB76EC53F4D9}.Release|x86.Build.0 = Release|Win32
		{D2BF79EA-B868-4D41-B758-CA77F7C7BB3A}.Debug|x64.ActiveCfg = Debug|x64
		{D2BF79EA-B868-4D41-B758-CA77F7C7BB3A}.Debug|x64.Build.0 = Debug|x64
		{D2BF79EA-B868-4D41-B758-CA77F7C7BB3A}.Debug|x86.ActiveCfg = Debug|Win32
		{D2BF79EA-B868-4D41-B758-CA77F7C7BB3A}.Debug|x86.Build.0 = Debug|Win32
		{D2BF79EA-B868-4D41-B758-CA77F7C7BB3A}.Release|x64.ActiveCfg = Release|x64
		{D2BF79EA-B868-4D41-B758-CA77F7C7BB3A}.Release|x64.Build.0 = Release|x64
		{D2BF79EA-B868-4D41-B758-CA77F7C7BB3A}.Release|x86.ActiveCfg = Release|Win32
		{D2BF79EA-B868-4D41-B758-CA77F7C7BB3A}.Release|x86.Build.0 = Release|Win32
		{DDA0405C-F2AA-43CF-8ABE-BA72F1905155}.Debug|x64.ActiveCfg = Debug|x64
		{DDA0405C-F2AA-43CF-8ABE-BA72F1905155}.Debug|x64.Build.0 = Debug|x64
		{DDA0405C-F2AA-43CF-8ABE-BA72F1905155}.Debug|x86.ActiveCfg = Debug|Win32
		{DDA0405C-F2AA-43CF-8ABE-BA72F1905155}.Debug|x86.Build.0 = Debug|Win32
		{DDA0405C-F2AA-43CF-8ABE-BA72F1905155}.Release|x64.ActiveCfg = Release|x64
		{DDA0405C-F2AA-43CF-8ABE-BA72F1905155}.Release|x64.Build.0 = Release|x64
		{DDA0405C-F2AA-43CF-8ABE-BA72F1905155}.Release|x86.ActiveCfg = Release|Win32
		{DDA0405C-F2AA-43CF-8ABE-BA72F1905155}.Release|x86.Build.0 = Release|Win32
		{E7E8D4D0-E5CC-456D-A607-AE3D1A73D6E9}.Debug|x64.ActiveCfg = Debug|x64
		{E7E8D4D0-E5CC-456D-A607-AE3D1A73D6E9}.Debug|x64.Build.0 = Debug|x64
		{E7E8D4D0-E5CC-456D-A607-AE3D1A73D6E9}.Debug|x86.ActiveCfg = Debug|Win32
		{E7E8D4D0-E5CC-456D-A607-AE3D1A73D6E9}.Debug|x86.Build.0 = Debug|Win32
		{E7E8D4D0-E5CC-456D-A607-AE3D1A73D6E9}.Release|x64.ActiveCfg = Release|x64
		{E7E8D4D0-E5CC-456D-A607-AE3D1A73D6E9}.Release|x64.Build.0 = Release|x64
		{E7E8D4D0-E5CC-456D-A607-AE3D1A73D6E9}.Release|x86.ActiveCfg = Release|Win32
		{E7E8D4D0-E5CC-456D-A607-AE3D1A73D6E9}.Release|x86.Build.0 = Release|Win32
		{E635764B-1EC1-4A5B-9E44-25D53ABEC41B}.Debug|x64.ActiveCfg = Debug|x64
		{E635764B-1EC1-4A5B-9E44-25D53ABEC41B}.Debug|x64.Build.0 = Debug|x64
		{E635764B-1EC1-4A5B-9E44-25D53ABEC41B}.Debug|x86.ActiveCfg = Debug|Win32
		{E635764B-1EC1-4A5B-9E44-25D53ABEC41B}.Debug|x86.Build.0 = Debug|Win32
		{E635764B-1EC1-4A5B-9E44-25D53ABEC41B}.Release|x64.ActiveCfg = Release|x64
		{E635764B-1EC1-4A5B-9E44-25D53ABEC41B}.Release|x64.Build.0 = Release|x64
		{E635764B-1EC1-4A5B-9E44-25D53ABEC41B}.Release|x86.ActiveCfg = Release|Win32
		{E635764B-1EC1-4A5B-9E44-25D53ABEC41B}.Release|x86.Build.0 = Release|Win32
	EndGlobalSection
	GlobalSection(SolutionProperties) = preSolution
		HideSolutionNode = FALSE
	EndGlobalSection
	GlobalSection(ExtensibilityGlobals) = postSolution
		SolutionGuid = {EE5682CB-17DB-4739-B637-AE423DB3C65B}
	EndGlobalSection
EndGlobal
